// !$*UTF8*$!
{
	archiveVersion = 1;
	classes = {
	};
	objectVersion = 55;
	objects = {

/* Begin PBXBuildFile section */
		52366D7E27710E44009DBB58 /* ItemListView.swift in Sources */ = {isa = PBXBuildFile; fileRef = 52366D7D27710E44009DBB58 /* ItemListView.swift */; };
		52366D802771E795009DBB58 /* ProjectSummaryView.swift in Sources */ = {isa = PBXBuildFile; fileRef = 52366D7F2771E795009DBB58 /* ProjectSummaryView.swift */; };
		5246EC5E277BAA2300741D9D /* ItemRowViewModel.swift in Sources */ = {isa = PBXBuildFile; fileRef = 5246EC5D277BAA2300741D9D /* ItemRowViewModel.swift */; };
		525FEE662777332600CA864B /* ItemRowView.swift in Sources */ = {isa = PBXBuildFile; fileRef = 525FEE652777332600CA864B /* ItemRowView.swift */; };
		525FEE7C27778E0700CA864B /* PortfolioTests.swift in Sources */ = {isa = PBXBuildFile; fileRef = 525FEE7B27778E0700CA864B /* PortfolioTests.swift */; };
		525FEE852777909600CA864B /* AssetTests.swift in Sources */ = {isa = PBXBuildFile; fileRef = 525FEE842777909500CA864B /* AssetTests.swift */; };
		525FEE872777963B00CA864B /* ProjectTests.swift in Sources */ = {isa = PBXBuildFile; fileRef = 525FEE862777963B00CA864B /* ProjectTests.swift */; };
		525FEE8927779B1900CA864B /* AwardTests.swift in Sources */ = {isa = PBXBuildFile; fileRef = 525FEE8827779B1900CA864B /* AwardTests.swift */; };
		525FEE8B2777ADDC00CA864B /* DevelopmentTests.swift in Sources */ = {isa = PBXBuildFile; fileRef = 525FEE8A2777ADDC00CA864B /* DevelopmentTests.swift */; };
		525FEE8D2777C55500CA864B /* ExtensionTests.swift in Sources */ = {isa = PBXBuildFile; fileRef = 525FEE8C2777C55500CA864B /* ExtensionTests.swift */; };
		525FEE902777D5CE00CA864B /* DecodableDictionary.json in Resources */ = {isa = PBXBuildFile; fileRef = 525FEE8F2777D5CE00CA864B /* DecodableDictionary.json */; };
		525FEE922777D60600CA864B /* DecodableString.json in Resources */ = {isa = PBXBuildFile; fileRef = 525FEE912777D60500CA864B /* DecodableString.json */; };
		525FEE9427786BBF00CA864B /* PerformanceTests.swift in Sources */ = {isa = PBXBuildFile; fileRef = 525FEE9327786BBF00CA864B /* PerformanceTests.swift */; };
		525FEE9C2778709500CA864B /* PortfolioUITests.swift in Sources */ = {isa = PBXBuildFile; fileRef = 525FEE9B2778709500CA864B /* PortfolioUITests.swift */; };
		525FEE9E2778709500CA864B /* PortfolioUITestsLaunchTests.swift in Sources */ = {isa = PBXBuildFile; fileRef = 525FEE9D2778709500CA864B /* PortfolioUITestsLaunchTests.swift */; };
		525FEEA62778BED800CA864B /* ForceTap.swift in Sources */ = {isa = PBXBuildFile; fileRef = 525FEEA52778BED800CA864B /* ForceTap.swift */; };
		525FEEA82778D16100CA864B /* ProjectsViewModel.swift in Sources */ = {isa = PBXBuildFile; fileRef = 525FEEA72778D16000CA864B /* ProjectsViewModel.swift */; };
		525FEEAA2779215F00CA864B /* HomeViewModel.swift in Sources */ = {isa = PBXBuildFile; fileRef = 525FEEA92779215F00CA864B /* HomeViewModel.swift */; };
		527309BA273EBC2E00C7226A /* CloudKit.framework in Frameworks */ = {isa = PBXBuildFile; fileRef = 527309B9273EBC2E00C7226A /* CloudKit.framework */; };
		527309BC273EBEB200C7226A /* HomeView.swift in Sources */ = {isa = PBXBuildFile; fileRef = 527309BB273EBEB200C7226A /* HomeView.swift */; };
		527309BE273EBF7D00C7226A /* ProjectsView.swift in Sources */ = {isa = PBXBuildFile; fileRef = 527309BD273EBF7D00C7226A /* ProjectsView.swift */; };
		527309C0273EFF7F00C7226A /* Item-CoreDataHelpers.swift in Sources */ = {isa = PBXBuildFile; fileRef = 527309BF273EFF7F00C7226A /* Item-CoreDataHelpers.swift */; };
		527309C2273F010E00C7226A /* Project-CoreDataHelpers.swift in Sources */ = {isa = PBXBuildFile; fileRef = 527309C1273F010E00C7226A /* Project-CoreDataHelpers.swift */; };
		527309C42741251600C7226A /* EditItemView.swift in Sources */ = {isa = PBXBuildFile; fileRef = 527309C32741251600C7226A /* EditItemView.swift */; };
		527309C82741B0E700C7226A /* Binding-OnChange.swift in Sources */ = {isa = PBXBuildFile; fileRef = 527309C72741B0E700C7226A /* Binding-OnChange.swift */; };
		527309CA2741B70E00C7226A /* ProjectHeaderView.swift in Sources */ = {isa = PBXBuildFile; fileRef = 527309C92741B70E00C7226A /* ProjectHeaderView.swift */; };
		527309CC2741C15C00C7226A /* Colors.xcassets in Resources */ = {isa = PBXBuildFile; fileRef = 527309CB2741C15C00C7226A /* Colors.xcassets */; };
		528E00F12781B48700A6D3B2 /* UnlockManager.swift in Sources */ = {isa = PBXBuildFile; fileRef = 528E00F02781B48700A6D3B2 /* UnlockManager.swift */; };
		528E00F4278209CC00A6D3B2 /* SKProduct-LocalizedPrice.swift in Sources */ = {isa = PBXBuildFile; fileRef = 528E00F3278209CC00A6D3B2 /* SKProduct-LocalizedPrice.swift */; };
		528E00F627820B0D00A6D3B2 /* PurchaseButton.swift in Sources */ = {isa = PBXBuildFile; fileRef = 528E00F527820B0D00A6D3B2 /* PurchaseButton.swift */; };
		528E00F827820C1D00A6D3B2 /* ProductView.swift in Sources */ = {isa = PBXBuildFile; fileRef = 528E00F727820C1D00A6D3B2 /* ProductView.swift */; };
		528E00FA27820D6C00A6D3B2 /* UnlockView.swift in Sources */ = {isa = PBXBuildFile; fileRef = 528E00F927820D6C00A6D3B2 /* UnlockView.swift */; };
		528E00FD27821F5900A6D3B2 /* AppDelegate.swift in Sources */ = {isa = PBXBuildFile; fileRef = 528E00FC27821F5900A6D3B2 /* AppDelegate.swift */; };
		528E00FF27821F6D00A6D3B2 /* SceneDelegate.swift in Sources */ = {isa = PBXBuildFile; fileRef = 528E00FE27821F6D00A6D3B2 /* SceneDelegate.swift */; };
		528E010627822C8C00A6D3B2 /* WidgetKit.framework in Frameworks */ = {isa = PBXBuildFile; fileRef = 528E010527822C8C00A6D3B2 /* WidgetKit.framework */; };
		528E010827822C8C00A6D3B2 /* SwiftUI.framework in Frameworks */ = {isa = PBXBuildFile; fileRef = 528E010727822C8C00A6D3B2 /* SwiftUI.framework */; };
		528E010B27822C8C00A6D3B2 /* PortfolioWidget.swift in Sources */ = {isa = PBXBuildFile; fileRef = 528E010A27822C8C00A6D3B2 /* PortfolioWidget.swift */; };
		528E010D27822C9000A6D3B2 /* Assets.xcassets in Resources */ = {isa = PBXBuildFile; fileRef = 528E010C27822C9000A6D3B2 /* Assets.xcassets */; };
		528E011127822C9000A6D3B2 /* PortfolioWidgetExtension.appex in Embed App Extensions */ = {isa = PBXBuildFile; fileRef = 528E010427822C8C00A6D3B2 /* PortfolioWidgetExtension.appex */; settings = {ATTRIBUTES = (RemoveHeadersOnCopy, ); }; };
		528E011627822DD900A6D3B2 /* Item-CoreDataHelpers.swift in Sources */ = {isa = PBXBuildFile; fileRef = 527309BF273EFF7F00C7226A /* Item-CoreDataHelpers.swift */; };
		528E011727822DF100A6D3B2 /* DataController.swift in Sources */ = {isa = PBXBuildFile; fileRef = 52F7B3EC273BDDB00017DDC7 /* DataController.swift */; };
		528E011827822E1D00A6D3B2 /* Main.xcdatamodeld in Sources */ = {isa = PBXBuildFile; fileRef = 52F7B3E9273BDAE90017DDC7 /* Main.xcdatamodeld */; };
		528E011A2782579400A6D3B2 /* DataController-Reminders.swift in Sources */ = {isa = PBXBuildFile; fileRef = 528E01192782579400A6D3B2 /* DataController-Reminders.swift */; };
		528E011C2782590200A6D3B2 /* DataController-Awards.swift in Sources */ = {isa = PBXBuildFile; fileRef = 528E011B2782590200A6D3B2 /* DataController-Awards.swift */; };
		528E011E2782597800A6D3B2 /* DataController-Unlock.swift in Sources */ = {isa = PBXBuildFile; fileRef = 528E011D2782597800A6D3B2 /* DataController-Unlock.swift */; };
		529AD66F273BD16A00BF72AB /* PortfolioApp.swift in Sources */ = {isa = PBXBuildFile; fileRef = 529AD66E273BD16A00BF72AB /* PortfolioApp.swift */; };
		529AD671273BD16A00BF72AB /* ContentView.swift in Sources */ = {isa = PBXBuildFile; fileRef = 529AD670273BD16A00BF72AB /* ContentView.swift */; };
		529AD673273BD17000BF72AB /* Assets.xcassets in Resources */ = {isa = PBXBuildFile; fileRef = 529AD672273BD17000BF72AB /* Assets.xcassets */; };
		529AD676273BD17000BF72AB /* Preview Assets.xcassets in Resources */ = {isa = PBXBuildFile; fileRef = 529AD675273BD17000BF72AB /* Preview Assets.xcassets */; };
		52E2248127494AE7004B005F /* Sequence-Sorting.swift in Sources */ = {isa = PBXBuildFile; fileRef = 52E2248027494AE7004B005F /* Sequence-Sorting.swift */; };
		52E224832749650B004B005F /* SelectSomethingView.swift in Sources */ = {isa = PBXBuildFile; fileRef = 52E224822749650B004B005F /* SelectSomethingView.swift */; };
		52E2248527497705004B005F /* Bundle-Decodable.swift in Sources */ = {isa = PBXBuildFile; fileRef = 52E2248427497705004B005F /* Bundle-Decodable.swift */; };
		52E2248927497BDA004B005F /* Award.swift in Sources */ = {isa = PBXBuildFile; fileRef = 52E2248827497BDA004B005F /* Award.swift */; };
		52E2248B27498A94004B005F /* AwardsView.swift in Sources */ = {isa = PBXBuildFile; fileRef = 52E2248A27498A94004B005F /* AwardsView.swift */; };
		52E2248D274A588A004B005F /* Color-Additions.swift in Sources */ = {isa = PBXBuildFile; fileRef = 52E2248C274A588A004B005F /* Color-Additions.swift */; };
		52E22494274ABDC2004B005F /* Localizable.strings in Resources */ = {isa = PBXBuildFile; fileRef = 52E22496274ABDC2004B005F /* Localizable.strings */; };
		52E22497274ABE1F004B005F /* Localizable.stringsdict in Resources */ = {isa = PBXBuildFile; fileRef = 52E22499274ABE1F004B005F /* Localizable.stringsdict */; };
		52E2249C274ABFD2004B005F /* Awards.json in Resources */ = {isa = PBXBuildFile; fileRef = 52E2249E274ABFD2004B005F /* Awards.json */; };
		52F731A427444B9B002C2AB3 /* EditProjectView.swift in Sources */ = {isa = PBXBuildFile; fileRef = 52F731A327444B9B002C2AB3 /* EditProjectView.swift */; };
		52F7B3EB273BDAE90017DDC7 /* Main.xcdatamodeld in Sources */ = {isa = PBXBuildFile; fileRef = 52F7B3E9273BDAE90017DDC7 /* Main.xcdatamodeld */; };
		52F7B3ED273BDDB00017DDC7 /* DataController.swift in Sources */ = {isa = PBXBuildFile; fileRef = 52F7B3EC273BDDB00017DDC7 /* DataController.swift */; };
/* End PBXBuildFile section */

/* Begin PBXContainerItemProxy section */
		525FEE7D27778E0700CA864B /* PBXContainerItemProxy */ = {
			isa = PBXContainerItemProxy;
			containerPortal = 529AD663273BD16A00BF72AB /* Project object */;
			proxyType = 1;
			remoteGlobalIDString = 529AD66A273BD16A00BF72AB;
			remoteInfo = Portfolio;
		};
		525FEE9F2778709500CA864B /* PBXContainerItemProxy */ = {
			isa = PBXContainerItemProxy;
			containerPortal = 529AD663273BD16A00BF72AB /* Project object */;
			proxyType = 1;
			remoteGlobalIDString = 529AD66A273BD16A00BF72AB;
			remoteInfo = Portfolio;
		};
		528E010F27822C9000A6D3B2 /* PBXContainerItemProxy */ = {
			isa = PBXContainerItemProxy;
			containerPortal = 529AD663273BD16A00BF72AB /* Project object */;
			proxyType = 1;
			remoteGlobalIDString = 528E010327822C8C00A6D3B2;
			remoteInfo = PortfolioWidgetExtension;
		};
/* End PBXContainerItemProxy section */

/* Begin PBXCopyFilesBuildPhase section */
		528E011527822C9000A6D3B2 /* Embed App Extensions */ = {
			isa = PBXCopyFilesBuildPhase;
			buildActionMask = 2147483647;
			dstPath = "";
			dstSubfolderSpec = 13;
			files = (
				528E011127822C9000A6D3B2 /* PortfolioWidgetExtension.appex in Embed App Extensions */,
			);
			name = "Embed App Extensions";
			runOnlyForDeploymentPostprocessing = 0;
		};
/* End PBXCopyFilesBuildPhase section */

/* Begin PBXFileReference section */
		52366D7D27710E44009DBB58 /* ItemListView.swift */ = {isa = PBXFileReference; lastKnownFileType = sourcecode.swift; path = ItemListView.swift; sourceTree = "<group>"; };
		52366D7F2771E795009DBB58 /* ProjectSummaryView.swift */ = {isa = PBXFileReference; lastKnownFileType = sourcecode.swift; path = ProjectSummaryView.swift; sourceTree = "<group>"; };
		5246EC5D277BAA2300741D9D /* ItemRowViewModel.swift */ = {isa = PBXFileReference; lastKnownFileType = sourcecode.swift; path = ItemRowViewModel.swift; sourceTree = "<group>"; };
		525FEE652777332600CA864B /* ItemRowView.swift */ = {isa = PBXFileReference; lastKnownFileType = sourcecode.swift; path = ItemRowView.swift; sourceTree = "<group>"; };
		525FEE7927778E0700CA864B /* PortfolioTests.xctest */ = {isa = PBXFileReference; explicitFileType = wrapper.cfbundle; includeInIndex = 0; path = PortfolioTests.xctest; sourceTree = BUILT_PRODUCTS_DIR; };
		525FEE7B27778E0700CA864B /* PortfolioTests.swift */ = {isa = PBXFileReference; lastKnownFileType = sourcecode.swift; path = PortfolioTests.swift; sourceTree = "<group>"; };
		525FEE842777909500CA864B /* AssetTests.swift */ = {isa = PBXFileReference; lastKnownFileType = sourcecode.swift; path = AssetTests.swift; sourceTree = "<group>"; };
		525FEE862777963B00CA864B /* ProjectTests.swift */ = {isa = PBXFileReference; lastKnownFileType = sourcecode.swift; path = ProjectTests.swift; sourceTree = "<group>"; };
		525FEE8827779B1900CA864B /* AwardTests.swift */ = {isa = PBXFileReference; lastKnownFileType = sourcecode.swift; path = AwardTests.swift; sourceTree = "<group>"; };
		525FEE8A2777ADDC00CA864B /* DevelopmentTests.swift */ = {isa = PBXFileReference; lastKnownFileType = sourcecode.swift; path = DevelopmentTests.swift; sourceTree = "<group>"; };
		525FEE8C2777C55500CA864B /* ExtensionTests.swift */ = {isa = PBXFileReference; lastKnownFileType = sourcecode.swift; path = ExtensionTests.swift; sourceTree = "<group>"; };
		525FEE8F2777D5CE00CA864B /* DecodableDictionary.json */ = {isa = PBXFileReference; lastKnownFileType = text.json; path = DecodableDictionary.json; sourceTree = "<group>"; };
		525FEE912777D60500CA864B /* DecodableString.json */ = {isa = PBXFileReference; lastKnownFileType = text.json; path = DecodableString.json; sourceTree = "<group>"; };
		525FEE9327786BBF00CA864B /* PerformanceTests.swift */ = {isa = PBXFileReference; lastKnownFileType = sourcecode.swift; path = PerformanceTests.swift; sourceTree = "<group>"; };
		525FEE992778709500CA864B /* PortfolioUITests.xctest */ = {isa = PBXFileReference; explicitFileType = wrapper.cfbundle; includeInIndex = 0; path = PortfolioUITests.xctest; sourceTree = BUILT_PRODUCTS_DIR; };
		525FEE9B2778709500CA864B /* PortfolioUITests.swift */ = {isa = PBXFileReference; lastKnownFileType = sourcecode.swift; path = PortfolioUITests.swift; sourceTree = "<group>"; };
		525FEE9D2778709500CA864B /* PortfolioUITestsLaunchTests.swift */ = {isa = PBXFileReference; lastKnownFileType = sourcecode.swift; path = PortfolioUITestsLaunchTests.swift; sourceTree = "<group>"; };
		525FEEA52778BED800CA864B /* ForceTap.swift */ = {isa = PBXFileReference; lastKnownFileType = sourcecode.swift; name = ForceTap.swift; path = ../../../../../ForceTap.swift; sourceTree = "<group>"; };
		525FEEA72778D16000CA864B /* ProjectsViewModel.swift */ = {isa = PBXFileReference; lastKnownFileType = sourcecode.swift; name = ProjectsViewModel.swift; path = ../../../../../../ProjectsViewModel.swift; sourceTree = "<group>"; };
		525FEEA92779215F00CA864B /* HomeViewModel.swift */ = {isa = PBXFileReference; lastKnownFileType = sourcecode.swift; name = HomeViewModel.swift; path = ../../../../../../HomeViewModel.swift; sourceTree = "<group>"; };
		527309B6273EBBED00C7226A /* Portfolio.entitlements */ = {isa = PBXFileReference; lastKnownFileType = text.plist.entitlements; path = Portfolio.entitlements; sourceTree = "<group>"; };
		527309B7273EBBFF00C7226A /* Info.plist */ = {isa = PBXFileReference; lastKnownFileType = text.plist.xml; path = Info.plist; sourceTree = "<group>"; };
		527309B9273EBC2E00C7226A /* CloudKit.framework */ = {isa = PBXFileReference; lastKnownFileType = wrapper.framework; name = CloudKit.framework; path = System/Library/Frameworks/CloudKit.framework; sourceTree = SDKROOT; };
		527309BB273EBEB200C7226A /* HomeView.swift */ = {isa = PBXFileReference; lastKnownFileType = sourcecode.swift; path = HomeView.swift; sourceTree = "<group>"; };
		527309BD273EBF7D00C7226A /* ProjectsView.swift */ = {isa = PBXFileReference; lastKnownFileType = sourcecode.swift; path = ProjectsView.swift; sourceTree = "<group>"; };
		527309BF273EFF7F00C7226A /* Item-CoreDataHelpers.swift */ = {isa = PBXFileReference; lastKnownFileType = sourcecode.swift; path = "Item-CoreDataHelpers.swift"; sourceTree = "<group>"; };
		527309C1273F010E00C7226A /* Project-CoreDataHelpers.swift */ = {isa = PBXFileReference; lastKnownFileType = sourcecode.swift; path = "Project-CoreDataHelpers.swift"; sourceTree = "<group>"; };
		527309C32741251600C7226A /* EditItemView.swift */ = {isa = PBXFileReference; lastKnownFileType = sourcecode.swift; path = EditItemView.swift; sourceTree = "<group>"; };
		527309C72741B0E700C7226A /* Binding-OnChange.swift */ = {isa = PBXFileReference; lastKnownFileType = sourcecode.swift; path = "Binding-OnChange.swift"; sourceTree = "<group>"; };
		527309C92741B70E00C7226A /* ProjectHeaderView.swift */ = {isa = PBXFileReference; lastKnownFileType = sourcecode.swift; path = ProjectHeaderView.swift; sourceTree = "<group>"; };
		527309CB2741C15C00C7226A /* Colors.xcassets */ = {isa = PBXFileReference; lastKnownFileType = folder.assetcatalog; path = Colors.xcassets; sourceTree = "<group>"; };
		528E00F02781B48700A6D3B2 /* UnlockManager.swift */ = {isa = PBXFileReference; lastKnownFileType = sourcecode.swift; path = UnlockManager.swift; sourceTree = "<group>"; };
		528E00F22781BFE700A6D3B2 /* Configuration.storekit */ = {isa = PBXFileReference; lastKnownFileType = text; path = Configuration.storekit; sourceTree = "<group>"; };
		528E00F3278209CC00A6D3B2 /* SKProduct-LocalizedPrice.swift */ = {isa = PBXFileReference; lastKnownFileType = sourcecode.swift; path = "SKProduct-LocalizedPrice.swift"; sourceTree = "<group>"; };
		528E00F527820B0D00A6D3B2 /* PurchaseButton.swift */ = {isa = PBXFileReference; lastKnownFileType = sourcecode.swift; path = PurchaseButton.swift; sourceTree = "<group>"; };
		528E00F727820C1D00A6D3B2 /* ProductView.swift */ = {isa = PBXFileReference; lastKnownFileType = sourcecode.swift; path = ProductView.swift; sourceTree = "<group>"; };
		528E00F927820D6C00A6D3B2 /* UnlockView.swift */ = {isa = PBXFileReference; lastKnownFileType = sourcecode.swift; path = UnlockView.swift; sourceTree = "<group>"; };
		528E00FC27821F5900A6D3B2 /* AppDelegate.swift */ = {isa = PBXFileReference; lastKnownFileType = sourcecode.swift; path = AppDelegate.swift; sourceTree = "<group>"; };
		528E00FE27821F6D00A6D3B2 /* SceneDelegate.swift */ = {isa = PBXFileReference; lastKnownFileType = sourcecode.swift; path = SceneDelegate.swift; sourceTree = "<group>"; };
		528E010427822C8C00A6D3B2 /* PortfolioWidgetExtension.appex */ = {isa = PBXFileReference; explicitFileType = "wrapper.app-extension"; includeInIndex = 0; path = PortfolioWidgetExtension.appex; sourceTree = BUILT_PRODUCTS_DIR; };
		528E010527822C8C00A6D3B2 /* WidgetKit.framework */ = {isa = PBXFileReference; lastKnownFileType = wrapper.framework; name = WidgetKit.framework; path = System/Library/Frameworks/WidgetKit.framework; sourceTree = SDKROOT; };
		528E010727822C8C00A6D3B2 /* SwiftUI.framework */ = {isa = PBXFileReference; lastKnownFileType = wrapper.framework; name = SwiftUI.framework; path = System/Library/Frameworks/SwiftUI.framework; sourceTree = SDKROOT; };
		528E010A27822C8C00A6D3B2 /* PortfolioWidget.swift */ = {isa = PBXFileReference; lastKnownFileType = sourcecode.swift; path = PortfolioWidget.swift; sourceTree = "<group>"; };
		528E010C27822C9000A6D3B2 /* Assets.xcassets */ = {isa = PBXFileReference; lastKnownFileType = folder.assetcatalog; path = Assets.xcassets; sourceTree = "<group>"; };
		528E010E27822C9000A6D3B2 /* Info.plist */ = {isa = PBXFileReference; lastKnownFileType = text.plist.xml; path = Info.plist; sourceTree = "<group>"; };
		528E01192782579400A6D3B2 /* DataController-Reminders.swift */ = {isa = PBXFileReference; lastKnownFileType = sourcecode.swift; path = "DataController-Reminders.swift"; sourceTree = "<group>"; };
		528E011B2782590200A6D3B2 /* DataController-Awards.swift */ = {isa = PBXFileReference; lastKnownFileType = sourcecode.swift; path = "DataController-Awards.swift"; sourceTree = "<group>"; };
		528E011D2782597800A6D3B2 /* DataController-Unlock.swift */ = {isa = PBXFileReference; lastKnownFileType = sourcecode.swift; path = "DataController-Unlock.swift"; sourceTree = "<group>"; };
		528E011F27825D8100A6D3B2 /* PortfolioWidgetExtension.entitlements */ = {isa = PBXFileReference; lastKnownFileType = text.plist.entitlements; path = PortfolioWidgetExtension.entitlements; sourceTree = "<group>"; };
		528E012027825D9200A6D3B2 /* PortfolioWidgetExtensionRelease.entitlements */ = {isa = PBXFileReference; lastKnownFileType = text.plist.entitlements; path = PortfolioWidgetExtensionRelease.entitlements; sourceTree = "<group>"; };
		529AD66B273BD16A00BF72AB /* Portfolio.app */ = {isa = PBXFileReference; explicitFileType = wrapper.application; includeInIndex = 0; path = Portfolio.app; sourceTree = BUILT_PRODUCTS_DIR; };
		529AD66E273BD16A00BF72AB /* PortfolioApp.swift */ = {isa = PBXFileReference; lastKnownFileType = sourcecode.swift; path = PortfolioApp.swift; sourceTree = "<group>"; };
		529AD670273BD16A00BF72AB /* ContentView.swift */ = {isa = PBXFileReference; lastKnownFileType = sourcecode.swift; path = ContentView.swift; sourceTree = "<group>"; };
		529AD672273BD17000BF72AB /* Assets.xcassets */ = {isa = PBXFileReference; lastKnownFileType = folder.assetcatalog; path = Assets.xcassets; sourceTree = "<group>"; };
		529AD675273BD17000BF72AB /* Preview Assets.xcassets */ = {isa = PBXFileReference; lastKnownFileType = folder.assetcatalog; path = "Preview Assets.xcassets"; sourceTree = "<group>"; };
		52E2248027494AE7004B005F /* Sequence-Sorting.swift */ = {isa = PBXFileReference; lastKnownFileType = sourcecode.swift; path = "Sequence-Sorting.swift"; sourceTree = "<group>"; };
		52E224822749650B004B005F /* SelectSomethingView.swift */ = {isa = PBXFileReference; lastKnownFileType = sourcecode.swift; path = SelectSomethingView.swift; sourceTree = "<group>"; };
		52E2248427497705004B005F /* Bundle-Decodable.swift */ = {isa = PBXFileReference; lastKnownFileType = sourcecode.swift; path = "Bundle-Decodable.swift"; sourceTree = "<group>"; };
		52E2248827497BDA004B005F /* Award.swift */ = {isa = PBXFileReference; lastKnownFileType = sourcecode.swift; path = Award.swift; sourceTree = "<group>"; };
		52E2248A27498A94004B005F /* AwardsView.swift */ = {isa = PBXFileReference; lastKnownFileType = sourcecode.swift; path = AwardsView.swift; sourceTree = "<group>"; };
		52E2248C274A588A004B005F /* Color-Additions.swift */ = {isa = PBXFileReference; lastKnownFileType = sourcecode.swift; path = "Color-Additions.swift"; sourceTree = "<group>"; };
		52E22495274ABDC2004B005F /* en */ = {isa = PBXFileReference; lastKnownFileType = text.plist.strings; name = en; path = en.lproj/Localizable.strings; sourceTree = "<group>"; };
		52E22498274ABE1F004B005F /* en */ = {isa = PBXFileReference; lastKnownFileType = text.plist.stringsdict; name = en; path = en.lproj/Localizable.stringsdict; sourceTree = "<group>"; };
		52E2249A274ABE22004B005F /* hu */ = {isa = PBXFileReference; lastKnownFileType = text.plist.stringsdict; name = hu; path = hu.lproj/Localizable.stringsdict; sourceTree = "<group>"; };
		52E2249B274ABE2B004B005F /* hu */ = {isa = PBXFileReference; lastKnownFileType = text.plist.strings; name = hu; path = hu.lproj/Localizable.strings; sourceTree = "<group>"; };
		52E2249D274ABFD2004B005F /* en */ = {isa = PBXFileReference; lastKnownFileType = text.json; name = en; path = en.lproj/Awards.json; sourceTree = "<group>"; };
		52E2249F274ABFD4004B005F /* hu */ = {isa = PBXFileReference; lastKnownFileType = text.json; name = hu; path = hu.lproj/Awards.json; sourceTree = "<group>"; };
		52F731A327444B9B002C2AB3 /* EditProjectView.swift */ = {isa = PBXFileReference; lastKnownFileType = sourcecode.swift; path = EditProjectView.swift; sourceTree = "<group>"; };
		52F7B3EA273BDAE90017DDC7 /* Main.xcdatamodel */ = {isa = PBXFileReference; lastKnownFileType = wrapper.xcdatamodel; path = Main.xcdatamodel; sourceTree = "<group>"; };
		52F7B3EC273BDDB00017DDC7 /* DataController.swift */ = {isa = PBXFileReference; lastKnownFileType = sourcecode.swift; path = DataController.swift; sourceTree = "<group>"; };
/* End PBXFileReference section */

/* Begin PBXFrameworksBuildPhase section */
		525FEE7627778E0700CA864B /* Frameworks */ = {
			isa = PBXFrameworksBuildPhase;
			buildActionMask = 2147483647;
			files = (
			);
			runOnlyForDeploymentPostprocessing = 0;
		};
		525FEE962778709500CA864B /* Frameworks */ = {
			isa = PBXFrameworksBuildPhase;
			buildActionMask = 2147483647;
			files = (
			);
			runOnlyForDeploymentPostprocessing = 0;
		};
		528E010127822C8C00A6D3B2 /* Frameworks */ = {
			isa = PBXFrameworksBuildPhase;
			buildActionMask = 2147483647;
			files = (
				528E010827822C8C00A6D3B2 /* SwiftUI.framework in Frameworks */,
				528E010627822C8C00A6D3B2 /* WidgetKit.framework in Frameworks */,
			);
			runOnlyForDeploymentPostprocessing = 0;
		};
		529AD668273BD16A00BF72AB /* Frameworks */ = {
			isa = PBXFrameworksBuildPhase;
			buildActionMask = 2147483647;
			files = (
				527309BA273EBC2E00C7226A /* CloudKit.framework in Frameworks */,
			);
			runOnlyForDeploymentPostprocessing = 0;
		};
/* End PBXFrameworksBuildPhase section */

/* Begin PBXGroup section */
		525FEE6D277733C800CA864B /* Extensions */ = {
			isa = PBXGroup;
			children = (
				525FEE742777380800CA864B /* CoreData */,
				52E2248427497705004B005F /* Bundle-Decodable.swift */,
				52E2248027494AE7004B005F /* Sequence-Sorting.swift */,
				527309C72741B0E700C7226A /* Binding-OnChange.swift */,
				52E2248C274A588A004B005F /* Color-Additions.swift */,
				528E00F3278209CC00A6D3B2 /* SKProduct-LocalizedPrice.swift */,
			);
			path = Extensions;
			sourceTree = "<group>";
		};
		525FEE6E277733F000CA864B /* Localization */ = {
			isa = PBXGroup;
			children = (
				52E22496274ABDC2004B005F /* Localizable.strings */,
				52E22499274ABE1F004B005F /* Localizable.stringsdict */,
			);
			path = Localization;
			sourceTree = "<group>";
		};
		525FEE6F2777341100CA864B /* Configuration */ = {
			isa = PBXGroup;
			children = (
				527309B7273EBBFF00C7226A /* Info.plist */,
				527309B6273EBBED00C7226A /* Portfolio.entitlements */,
				52F7B3E9273BDAE90017DDC7 /* Main.xcdatamodeld */,
				528E00F22781BFE700A6D3B2 /* Configuration.storekit */,
			);
			path = Configuration;
			sourceTree = "<group>";
		};
		525FEE702777368200CA864B /* Home */ = {
			isa = PBXGroup;
			children = (
				527309BB273EBEB200C7226A /* HomeView.swift */,
				525FEEA92779215F00CA864B /* HomeViewModel.swift */,
				52366D7D27710E44009DBB58 /* ItemListView.swift */,
				52366D7F2771E795009DBB58 /* ProjectSummaryView.swift */,
			);
			path = Home;
			sourceTree = "<group>";
		};
		525FEE712777368D00CA864B /* Activities */ = {
			isa = PBXGroup;
			children = (
				529AD670273BD16A00BF72AB /* ContentView.swift */,
				525FEE702777368200CA864B /* Home */,
				528E00FB278210FB00A6D3B2 /* Unlock */,
				525FEE72277736AD00CA864B /* Projects */,
				525FEE73277736B800CA864B /* Awards */,
			);
			path = Activities;
			sourceTree = "<group>";
		};
		525FEE72277736AD00CA864B /* Projects */ = {
			isa = PBXGroup;
			children = (
				527309BD273EBF7D00C7226A /* ProjectsView.swift */,
				525FEEA72778D16000CA864B /* ProjectsViewModel.swift */,
				52E224822749650B004B005F /* SelectSomethingView.swift */,
				527309C92741B70E00C7226A /* ProjectHeaderView.swift */,
				525FEE652777332600CA864B /* ItemRowView.swift */,
				5246EC5D277BAA2300741D9D /* ItemRowViewModel.swift */,
				52F731A327444B9B002C2AB3 /* EditProjectView.swift */,
				527309C32741251600C7226A /* EditItemView.swift */,
			);
			path = Projects;
			sourceTree = "<group>";
		};
		525FEE73277736B800CA864B /* Awards */ = {
			isa = PBXGroup;
			children = (
				52E2248A27498A94004B005F /* AwardsView.swift */,
				52E2248827497BDA004B005F /* Award.swift */,
				52E2249E274ABFD2004B005F /* Awards.json */,
			);
			path = Awards;
			sourceTree = "<group>";
		};
		525FEE742777380800CA864B /* CoreData */ = {
			isa = PBXGroup;
			children = (
				527309BF273EFF7F00C7226A /* Item-CoreDataHelpers.swift */,
				527309C1273F010E00C7226A /* Project-CoreDataHelpers.swift */,
			);
			path = CoreData;
			sourceTree = "<group>";
		};
		525FEE7A27778E0700CA864B /* PortfolioTests */ = {
			isa = PBXGroup;
			children = (
				525FEE8E2777D59400CA864B /* Fixtures */,
				525FEE7B27778E0700CA864B /* PortfolioTests.swift */,
				525FEE842777909500CA864B /* AssetTests.swift */,
				525FEE862777963B00CA864B /* ProjectTests.swift */,
				525FEE8827779B1900CA864B /* AwardTests.swift */,
				525FEE8A2777ADDC00CA864B /* DevelopmentTests.swift */,
				525FEE8C2777C55500CA864B /* ExtensionTests.swift */,
				525FEE9327786BBF00CA864B /* PerformanceTests.swift */,
			);
			path = PortfolioTests;
			sourceTree = "<group>";
		};
		525FEE8E2777D59400CA864B /* Fixtures */ = {
			isa = PBXGroup;
			children = (
				525FEE8F2777D5CE00CA864B /* DecodableDictionary.json */,
				525FEE912777D60500CA864B /* DecodableString.json */,
			);
			path = Fixtures;
			sourceTree = "<group>";
		};
		525FEE9A2778709500CA864B /* PortfolioUITests */ = {
			isa = PBXGroup;
			children = (
				525FEEA42778BEC800CA864B /* Extensions */,
				525FEE9B2778709500CA864B /* PortfolioUITests.swift */,
				525FEE9D2778709500CA864B /* PortfolioUITestsLaunchTests.swift */,
			);
			path = PortfolioUITests;
			sourceTree = "<group>";
		};
		525FEEA42778BEC800CA864B /* Extensions */ = {
			isa = PBXGroup;
			children = (
				525FEEA52778BED800CA864B /* ForceTap.swift */,
			);
			path = Extensions;
			sourceTree = "<group>";
		};
		527309B8273EBC2E00C7226A /* Frameworks */ = {
			isa = PBXGroup;
			children = (
				527309B9273EBC2E00C7226A /* CloudKit.framework */,
				528E010527822C8C00A6D3B2 /* WidgetKit.framework */,
				528E010727822C8C00A6D3B2 /* SwiftUI.framework */,
			);
			name = Frameworks;
			sourceTree = "<group>";
		};
		528E00FB278210FB00A6D3B2 /* Unlock */ = {
			isa = PBXGroup;
			children = (
				528E00F927820D6C00A6D3B2 /* UnlockView.swift */,
				528E00F527820B0D00A6D3B2 /* PurchaseButton.swift */,
				528E00F727820C1D00A6D3B2 /* ProductView.swift */,
				528E00F02781B48700A6D3B2 /* UnlockManager.swift */,
			);
			path = Unlock;
			sourceTree = "<group>";
		};
		528E010927822C8C00A6D3B2 /* PortfolioWidget */ = {
			isa = PBXGroup;
			children = (
				528E010A27822C8C00A6D3B2 /* PortfolioWidget.swift */,
				528E010C27822C9000A6D3B2 /* Assets.xcassets */,
				528E010E27822C9000A6D3B2 /* Info.plist */,
			);
			path = PortfolioWidget;
			sourceTree = "<group>";
		};
		529AD662273BD16A00BF72AB = {
			isa = PBXGroup;
			children = (
				528E012027825D9200A6D3B2 /* PortfolioWidgetExtensionRelease.entitlements */,
				528E011F27825D8100A6D3B2 /* PortfolioWidgetExtension.entitlements */,
				529AD66D273BD16A00BF72AB /* Portfolio */,
				525FEE7A27778E0700CA864B /* PortfolioTests */,
				525FEE9A2778709500CA864B /* PortfolioUITests */,
				528E010927822C8C00A6D3B2 /* PortfolioWidget */,
				529AD66C273BD16A00BF72AB /* Products */,
				527309B8273EBC2E00C7226A /* Frameworks */,
			);
			sourceTree = "<group>";
		};
		529AD66C273BD16A00BF72AB /* Products */ = {
			isa = PBXGroup;
			children = (
				529AD66B273BD16A00BF72AB /* Portfolio.app */,
				525FEE7927778E0700CA864B /* PortfolioTests.xctest */,
				525FEE992778709500CA864B /* PortfolioUITests.xctest */,
				528E010427822C8C00A6D3B2 /* PortfolioWidgetExtension.appex */,
			);
			name = Products;
			sourceTree = "<group>";
		};
		529AD66D273BD16A00BF72AB /* Portfolio */ = {
			isa = PBXGroup;
			children = (
				529AD66E273BD16A00BF72AB /* PortfolioApp.swift */,
				528E00FC27821F5900A6D3B2 /* AppDelegate.swift */,
				528E00FE27821F6D00A6D3B2 /* SceneDelegate.swift */,
				52F7B3EC273BDDB00017DDC7 /* DataController.swift */,
				528E01192782579400A6D3B2 /* DataController-Reminders.swift */,
				528E011B2782590200A6D3B2 /* DataController-Awards.swift */,
				528E011D2782597800A6D3B2 /* DataController-Unlock.swift */,
				525FEE712777368D00CA864B /* Activities */,
				525FEE6F2777341100CA864B /* Configuration */,
				525FEE6E277733F000CA864B /* Localization */,
				525FEE6D277733C800CA864B /* Extensions */,
				527309CB2741C15C00C7226A /* Colors.xcassets */,
				529AD672273BD17000BF72AB /* Assets.xcassets */,
				529AD674273BD17000BF72AB /* Preview Content */,
			);
			path = Portfolio;
			sourceTree = "<group>";
		};
		529AD674273BD17000BF72AB /* Preview Content */ = {
			isa = PBXGroup;
			children = (
				529AD675273BD17000BF72AB /* Preview Assets.xcassets */,
			);
			path = "Preview Content";
			sourceTree = "<group>";
		};
/* End PBXGroup section */

/* Begin PBXNativeTarget section */
		525FEE7827778E0700CA864B /* PortfolioTests */ = {
			isa = PBXNativeTarget;
			buildConfigurationList = 525FEE7F27778E0700CA864B /* Build configuration list for PBXNativeTarget "PortfolioTests" */;
			buildPhases = (
				525FEE7527778E0700CA864B /* Sources */,
				525FEE7627778E0700CA864B /* Frameworks */,
				525FEE7727778E0700CA864B /* Resources */,
			);
			buildRules = (
			);
			dependencies = (
				525FEE7E27778E0700CA864B /* PBXTargetDependency */,
			);
			name = PortfolioTests;
			productName = PortfolioTests;
			productReference = 525FEE7927778E0700CA864B /* PortfolioTests.xctest */;
			productType = "com.apple.product-type.bundle.unit-test";
		};
		525FEE982778709500CA864B /* PortfolioUITests */ = {
			isa = PBXNativeTarget;
			buildConfigurationList = 525FEEA12778709500CA864B /* Build configuration list for PBXNativeTarget "PortfolioUITests" */;
			buildPhases = (
				525FEE952778709500CA864B /* Sources */,
				525FEE962778709500CA864B /* Frameworks */,
				525FEE972778709500CA864B /* Resources */,
			);
			buildRules = (
			);
			dependencies = (
				525FEEA02778709500CA864B /* PBXTargetDependency */,
			);
			name = PortfolioUITests;
			productName = PortfolioUITests;
			productReference = 525FEE992778709500CA864B /* PortfolioUITests.xctest */;
			productType = "com.apple.product-type.bundle.ui-testing";
		};
		528E010327822C8C00A6D3B2 /* PortfolioWidgetExtension */ = {
			isa = PBXNativeTarget;
			buildConfigurationList = 528E011227822C9000A6D3B2 /* Build configuration list for PBXNativeTarget "PortfolioWidgetExtension" */;
			buildPhases = (
				528E010027822C8C00A6D3B2 /* Sources */,
				528E010127822C8C00A6D3B2 /* Frameworks */,
				528E010227822C8C00A6D3B2 /* Resources */,
			);
			buildRules = (
			);
			dependencies = (
			);
			name = PortfolioWidgetExtension;
			productName = PortfolioWidgetExtension;
			productReference = 528E010427822C8C00A6D3B2 /* PortfolioWidgetExtension.appex */;
			productType = "com.apple.product-type.app-extension";
		};
		529AD66A273BD16A00BF72AB /* Portfolio */ = {
			isa = PBXNativeTarget;
			buildConfigurationList = 529AD679273BD17000BF72AB /* Build configuration list for PBXNativeTarget "Portfolio" */;
			buildPhases = (
				529AD667273BD16A00BF72AB /* Sources */,
				529AD668273BD16A00BF72AB /* Frameworks */,
				529AD669273BD16A00BF72AB /* Resources */,
				525FEE632776484300CA864B /* SwiftLint */,
				528E011527822C9000A6D3B2 /* Embed App Extensions */,
			);
			buildRules = (
			);
			dependencies = (
				528E011027822C9000A6D3B2 /* PBXTargetDependency */,
			);
			name = Portfolio;
			productName = Portfolio;
			productReference = 529AD66B273BD16A00BF72AB /* Portfolio.app */;
			productType = "com.apple.product-type.application";
		};
/* End PBXNativeTarget section */

/* Begin PBXProject section */
		529AD663273BD16A00BF72AB /* Project object */ = {
			isa = PBXProject;
			attributes = {
				BuildIndependentTargetsInParallel = 1;
				LastSwiftUpdateCheck = 1300;
				LastUpgradeCheck = 1300;
				TargetAttributes = {
					525FEE7827778E0700CA864B = {
						CreatedOnToolsVersion = 13.0;
						TestTargetID = 529AD66A273BD16A00BF72AB;
					};
					525FEE982778709500CA864B = {
						CreatedOnToolsVersion = 13.0;
						TestTargetID = 529AD66A273BD16A00BF72AB;
					};
					528E010327822C8C00A6D3B2 = {
						CreatedOnToolsVersion = 13.0;
					};
					529AD66A273BD16A00BF72AB = {
						CreatedOnToolsVersion = 13.0;
					};
				};
			};
			buildConfigurationList = 529AD666273BD16A00BF72AB /* Build configuration list for PBXProject "Portfolio" */;
			compatibilityVersion = "Xcode 13.0";
			developmentRegion = en;
			hasScannedForEncodings = 0;
			knownRegions = (
				en,
				Base,
				hu,
			);
			mainGroup = 529AD662273BD16A00BF72AB;
			productRefGroup = 529AD66C273BD16A00BF72AB /* Products */;
			projectDirPath = "";
			projectRoot = "";
			targets = (
				529AD66A273BD16A00BF72AB /* Portfolio */,
				525FEE7827778E0700CA864B /* PortfolioTests */,
				525FEE982778709500CA864B /* PortfolioUITests */,
				528E010327822C8C00A6D3B2 /* PortfolioWidgetExtension */,
			);
		};
/* End PBXProject section */

/* Begin PBXResourcesBuildPhase section */
		525FEE7727778E0700CA864B /* Resources */ = {
			isa = PBXResourcesBuildPhase;
			buildActionMask = 2147483647;
			files = (
				525FEE922777D60600CA864B /* DecodableString.json in Resources */,
				525FEE902777D5CE00CA864B /* DecodableDictionary.json in Resources */,
			);
			runOnlyForDeploymentPostprocessing = 0;
		};
		525FEE972778709500CA864B /* Resources */ = {
			isa = PBXResourcesBuildPhase;
			buildActionMask = 2147483647;
			files = (
			);
			runOnlyForDeploymentPostprocessing = 0;
		};
		528E010227822C8C00A6D3B2 /* Resources */ = {
			isa = PBXResourcesBuildPhase;
			buildActionMask = 2147483647;
			files = (
				528E010D27822C9000A6D3B2 /* Assets.xcassets in Resources */,
			);
			runOnlyForDeploymentPostprocessing = 0;
		};
		529AD669273BD16A00BF72AB /* Resources */ = {
			isa = PBXResourcesBuildPhase;
			buildActionMask = 2147483647;
			files = (
				52E22494274ABDC2004B005F /* Localizable.strings in Resources */,
				527309CC2741C15C00C7226A /* Colors.xcassets in Resources */,
				52E2249C274ABFD2004B005F /* Awards.json in Resources */,
				529AD676273BD17000BF72AB /* Preview Assets.xcassets in Resources */,
				529AD673273BD17000BF72AB /* Assets.xcassets in Resources */,
				52E22497274ABE1F004B005F /* Localizable.stringsdict in Resources */,
			);
			runOnlyForDeploymentPostprocessing = 0;
		};
/* End PBXResourcesBuildPhase section */

/* Begin PBXShellScriptBuildPhase section */
		525FEE632776484300CA864B /* SwiftLint */ = {
			isa = PBXShellScriptBuildPhase;
			buildActionMask = 2147483647;
			files = (
			);
			inputFileListPaths = (
			);
			inputPaths = (
			);
			name = SwiftLint;
			outputFileListPaths = (
			);
			outputPaths = (
			);
			runOnlyForDeploymentPostprocessing = 0;
			shellPath = /bin/sh;
			shellScript = "if which swiftlint >/dev/null; then\n  swiftlint\nelse\n  echo \"warning: SwiftLint not installed, download from https://github.com/realm/SwiftLint\"\nfi\n";
		};
/* End PBXShellScriptBuildPhase section */

/* Begin PBXSourcesBuildPhase section */
		525FEE7527778E0700CA864B /* Sources */ = {
			isa = PBXSourcesBuildPhase;
			buildActionMask = 2147483647;
			files = (
				525FEE9427786BBF00CA864B /* PerformanceTests.swift in Sources */,
				525FEE852777909600CA864B /* AssetTests.swift in Sources */,
				525FEE8927779B1900CA864B /* AwardTests.swift in Sources */,
				525FEE7C27778E0700CA864B /* PortfolioTests.swift in Sources */,
				525FEE8D2777C55500CA864B /* ExtensionTests.swift in Sources */,
				525FEE872777963B00CA864B /* ProjectTests.swift in Sources */,
				525FEE8B2777ADDC00CA864B /* DevelopmentTests.swift in Sources */,
			);
			runOnlyForDeploymentPostprocessing = 0;
		};
		525FEE952778709500CA864B /* Sources */ = {
			isa = PBXSourcesBuildPhase;
			buildActionMask = 2147483647;
			files = (
				525FEE9C2778709500CA864B /* PortfolioUITests.swift in Sources */,
				525FEEA62778BED800CA864B /* ForceTap.swift in Sources */,
				525FEE9E2778709500CA864B /* PortfolioUITestsLaunchTests.swift in Sources */,
			);
			runOnlyForDeploymentPostprocessing = 0;
		};
		528E010027822C8C00A6D3B2 /* Sources */ = {
			isa = PBXSourcesBuildPhase;
			buildActionMask = 2147483647;
			files = (
				528E010B27822C8C00A6D3B2 /* PortfolioWidget.swift in Sources */,
				528E011727822DF100A6D3B2 /* DataController.swift in Sources */,
				528E011827822E1D00A6D3B2 /* Main.xcdatamodeld in Sources */,
				528E011627822DD900A6D3B2 /* Item-CoreDataHelpers.swift in Sources */,
			);
			runOnlyForDeploymentPostprocessing = 0;
		};
		529AD667273BD16A00BF72AB /* Sources */ = {
			isa = PBXSourcesBuildPhase;
			buildActionMask = 2147483647;
			files = (
				527309C42741251600C7226A /* EditItemView.swift in Sources */,
				528E011E2782597800A6D3B2 /* DataController-Unlock.swift in Sources */,
				52366D802771E795009DBB58 /* ProjectSummaryView.swift in Sources */,
				528E00FF27821F6D00A6D3B2 /* SceneDelegate.swift in Sources */,
				528E011C2782590200A6D3B2 /* DataController-Awards.swift in Sources */,
				528E00F627820B0D00A6D3B2 /* PurchaseButton.swift in Sources */,
				527309CA2741B70E00C7226A /* ProjectHeaderView.swift in Sources */,
				528E00F827820C1D00A6D3B2 /* ProductView.swift in Sources */,
				52E2248B27498A94004B005F /* AwardsView.swift in Sources */,
				527309BE273EBF7D00C7226A /* ProjectsView.swift in Sources */,
				525FEEAA2779215F00CA864B /* HomeViewModel.swift in Sources */,
				528E00F12781B48700A6D3B2 /* UnlockManager.swift in Sources */,
				52F7B3EB273BDAE90017DDC7 /* Main.xcdatamodeld in Sources */,
				52F731A427444B9B002C2AB3 /* EditProjectView.swift in Sources */,
				527309C2273F010E00C7226A /* Project-CoreDataHelpers.swift in Sources */,
				528E011A2782579400A6D3B2 /* DataController-Reminders.swift in Sources */,
				525FEE662777332600CA864B /* ItemRowView.swift in Sources */,
				52E224832749650B004B005F /* SelectSomethingView.swift in Sources */,
				52E2248927497BDA004B005F /* Award.swift in Sources */,
				52F7B3ED273BDDB00017DDC7 /* DataController.swift in Sources */,
				528E00FA27820D6C00A6D3B2 /* UnlockView.swift in Sources */,
				52E2248D274A588A004B005F /* Color-Additions.swift in Sources */,
				528E00FD27821F5900A6D3B2 /* AppDelegate.swift in Sources */,
				527309C82741B0E700C7226A /* Binding-OnChange.swift in Sources */,
				52E2248127494AE7004B005F /* Sequence-Sorting.swift in Sources */,
				52E2248527497705004B005F /* Bundle-Decodable.swift in Sources */,
				52366D7E27710E44009DBB58 /* ItemListView.swift in Sources */,
				529AD671273BD16A00BF72AB /* ContentView.swift in Sources */,
				527309BC273EBEB200C7226A /* HomeView.swift in Sources */,
				5246EC5E277BAA2300741D9D /* ItemRowViewModel.swift in Sources */,
				529AD66F273BD16A00BF72AB /* PortfolioApp.swift in Sources */,
				528E00F4278209CC00A6D3B2 /* SKProduct-LocalizedPrice.swift in Sources */,
				525FEEA82778D16100CA864B /* ProjectsViewModel.swift in Sources */,
				527309C0273EFF7F00C7226A /* Item-CoreDataHelpers.swift in Sources */,
			);
			runOnlyForDeploymentPostprocessing = 0;
		};
/* End PBXSourcesBuildPhase section */

/* Begin PBXTargetDependency section */
		525FEE7E27778E0700CA864B /* PBXTargetDependency */ = {
			isa = PBXTargetDependency;
			target = 529AD66A273BD16A00BF72AB /* Portfolio */;
			targetProxy = 525FEE7D27778E0700CA864B /* PBXContainerItemProxy */;
		};
		525FEEA02778709500CA864B /* PBXTargetDependency */ = {
			isa = PBXTargetDependency;
			target = 529AD66A273BD16A00BF72AB /* Portfolio */;
			targetProxy = 525FEE9F2778709500CA864B /* PBXContainerItemProxy */;
		};
		528E011027822C9000A6D3B2 /* PBXTargetDependency */ = {
			isa = PBXTargetDependency;
			target = 528E010327822C8C00A6D3B2 /* PortfolioWidgetExtension */;
			targetProxy = 528E010F27822C9000A6D3B2 /* PBXContainerItemProxy */;
		};
/* End PBXTargetDependency section */

/* Begin PBXVariantGroup section */
		52E22496274ABDC2004B005F /* Localizable.strings */ = {
			isa = PBXVariantGroup;
			children = (
				52E22495274ABDC2004B005F /* en */,
				52E2249B274ABE2B004B005F /* hu */,
			);
			name = Localizable.strings;
			sourceTree = "<group>";
		};
		52E22499274ABE1F004B005F /* Localizable.stringsdict */ = {
			isa = PBXVariantGroup;
			children = (
				52E22498274ABE1F004B005F /* en */,
				52E2249A274ABE22004B005F /* hu */,
			);
			name = Localizable.stringsdict;
			sourceTree = "<group>";
		};
		52E2249E274ABFD2004B005F /* Awards.json */ = {
			isa = PBXVariantGroup;
			children = (
				52E2249D274ABFD2004B005F /* en */,
				52E2249F274ABFD4004B005F /* hu */,
			);
			name = Awards.json;
			sourceTree = "<group>";
		};
/* End PBXVariantGroup section */

/* Begin XCBuildConfiguration section */
		525FEE8027778E0700CA864B /* Debug */ = {
			isa = XCBuildConfiguration;
			buildSettings = {
				BUNDLE_LOADER = "$(TEST_HOST)";
				CODE_SIGN_STYLE = Automatic;
				CURRENT_PROJECT_VERSION = 1;
				DEVELOPMENT_TEAM = J9T9YB66U4;
				GENERATE_INFOPLIST_FILE = YES;
				LD_RUNPATH_SEARCH_PATHS = (
					"$(inherited)",
					"@executable_path/Frameworks",
					"@loader_path/Frameworks",
				);
				MARKETING_VERSION = 1.0;
				PRODUCT_BUNDLE_IDENTIFIER = iam.mrnoone.PortfolioTests;
				PRODUCT_NAME = "$(TARGET_NAME)";
				SWIFT_EMIT_LOC_STRINGS = NO;
				SWIFT_VERSION = 5.0;
				TARGETED_DEVICE_FAMILY = "1,2";
				TEST_HOST = "$(BUILT_PRODUCTS_DIR)/Portfolio.app/Portfolio";
			};
			name = Debug;
		};
		525FEE8127778E0700CA864B /* Release */ = {
			isa = XCBuildConfiguration;
			buildSettings = {
				BUNDLE_LOADER = "$(TEST_HOST)";
				CODE_SIGN_STYLE = Automatic;
				CURRENT_PROJECT_VERSION = 1;
				DEVELOPMENT_TEAM = J9T9YB66U4;
				GENERATE_INFOPLIST_FILE = YES;
				LD_RUNPATH_SEARCH_PATHS = (
					"$(inherited)",
					"@executable_path/Frameworks",
					"@loader_path/Frameworks",
				);
				MARKETING_VERSION = 1.0;
				PRODUCT_BUNDLE_IDENTIFIER = iam.mrnoone.PortfolioTests;
				PRODUCT_NAME = "$(TARGET_NAME)";
				SWIFT_EMIT_LOC_STRINGS = NO;
				SWIFT_VERSION = 5.0;
				TARGETED_DEVICE_FAMILY = "1,2";
				TEST_HOST = "$(BUILT_PRODUCTS_DIR)/Portfolio.app/Portfolio";
			};
			name = Release;
		};
		525FEEA22778709500CA864B /* Debug */ = {
			isa = XCBuildConfiguration;
			buildSettings = {
				CODE_SIGN_STYLE = Automatic;
				CURRENT_PROJECT_VERSION = 1;
				DEVELOPMENT_TEAM = J9T9YB66U4;
				GENERATE_INFOPLIST_FILE = YES;
				LD_RUNPATH_SEARCH_PATHS = (
					"$(inherited)",
					"@executable_path/Frameworks",
					"@loader_path/Frameworks",
				);
				MARKETING_VERSION = 1.0;
				PRODUCT_BUNDLE_IDENTIFIER = iam.mrnoone.PortfolioUITests;
				PRODUCT_NAME = "$(TARGET_NAME)";
				SWIFT_EMIT_LOC_STRINGS = NO;
				SWIFT_VERSION = 5.0;
				TARGETED_DEVICE_FAMILY = "1,2";
				TEST_TARGET_NAME = Portfolio;
			};
			name = Debug;
		};
		525FEEA32778709500CA864B /* Release */ = {
			isa = XCBuildConfiguration;
			buildSettings = {
				CODE_SIGN_STYLE = Automatic;
				CURRENT_PROJECT_VERSION = 1;
				DEVELOPMENT_TEAM = J9T9YB66U4;
				GENERATE_INFOPLIST_FILE = YES;
				LD_RUNPATH_SEARCH_PATHS = (
					"$(inherited)",
					"@executable_path/Frameworks",
					"@loader_path/Frameworks",
				);
				MARKETING_VERSION = 1.0;
				PRODUCT_BUNDLE_IDENTIFIER = iam.mrnoone.PortfolioUITests;
				PRODUCT_NAME = "$(TARGET_NAME)";
				SWIFT_EMIT_LOC_STRINGS = NO;
				SWIFT_VERSION = 5.0;
				TARGETED_DEVICE_FAMILY = "1,2";
				TEST_TARGET_NAME = Portfolio;
			};
			name = Release;
		};
		528E011327822C9000A6D3B2 /* Debug */ = {
			isa = XCBuildConfiguration;
			buildSettings = {
				ASSETCATALOG_COMPILER_GLOBAL_ACCENT_COLOR_NAME = AccentColor;
				ASSETCATALOG_COMPILER_WIDGET_BACKGROUND_COLOR_NAME = WidgetBackground;
				CODE_SIGN_ENTITLEMENTS = PortfolioWidgetExtension.entitlements;
				CODE_SIGN_STYLE = Automatic;
				CURRENT_PROJECT_VERSION = 1;
				DEVELOPMENT_TEAM = J9T9YB66U4;
				GENERATE_INFOPLIST_FILE = YES;
				INFOPLIST_FILE = PortfolioWidget/Info.plist;
				INFOPLIST_KEY_CFBundleDisplayName = PortfolioWidget;
				INFOPLIST_KEY_NSHumanReadableCopyright = "";
				LD_RUNPATH_SEARCH_PATHS = (
					"$(inherited)",
					"@executable_path/Frameworks",
					"@executable_path/../../Frameworks",
				);
				MARKETING_VERSION = 1.0;
				PRODUCT_BUNDLE_IDENTIFIER = iam.mrnoone.Portfolio.PortfolioWidget;
				PRODUCT_NAME = "$(TARGET_NAME)";
				SKIP_INSTALL = YES;
				SWIFT_EMIT_LOC_STRINGS = YES;
				SWIFT_VERSION = 5.0;
				TARGETED_DEVICE_FAMILY = "1,2";
			};
			name = Debug;
		};
		528E011427822C9000A6D3B2 /* Release */ = {
			isa = XCBuildConfiguration;
			buildSettings = {
				ASSETCATALOG_COMPILER_GLOBAL_ACCENT_COLOR_NAME = AccentColor;
				ASSETCATALOG_COMPILER_WIDGET_BACKGROUND_COLOR_NAME = WidgetBackground;
				CODE_SIGN_ENTITLEMENTS = PortfolioWidgetExtensionRelease.entitlements;
				CODE_SIGN_STYLE = Automatic;
				CURRENT_PROJECT_VERSION = 1;
				DEVELOPMENT_TEAM = J9T9YB66U4;
				GENERATE_INFOPLIST_FILE = YES;
				INFOPLIST_FILE = PortfolioWidget/Info.plist;
				INFOPLIST_KEY_CFBundleDisplayName = PortfolioWidget;
				INFOPLIST_KEY_NSHumanReadableCopyright = "";
				LD_RUNPATH_SEARCH_PATHS = (
					"$(inherited)",
					"@executable_path/Frameworks",
					"@executable_path/../../Frameworks",
				);
				MARKETING_VERSION = 1.0;
				PRODUCT_BUNDLE_IDENTIFIER = iam.mrnoone.Portfolio.PortfolioWidget;
				PRODUCT_NAME = "$(TARGET_NAME)";
				SKIP_INSTALL = YES;
				SWIFT_EMIT_LOC_STRINGS = YES;
				SWIFT_VERSION = 5.0;
				TARGETED_DEVICE_FAMILY = "1,2";
			};
			name = Release;
		};
		529AD677273BD17000BF72AB /* Debug */ = {
			isa = XCBuildConfiguration;
			buildSettings = {
				ALWAYS_SEARCH_USER_PATHS = NO;
				CLANG_ANALYZER_NONNULL = YES;
				CLANG_ANALYZER_NUMBER_OBJECT_CONVERSION = YES_AGGRESSIVE;
				CLANG_CXX_LANGUAGE_STANDARD = "gnu++17";
				CLANG_CXX_LIBRARY = "libc++";
				CLANG_ENABLE_MODULES = YES;
				CLANG_ENABLE_OBJC_ARC = YES;
				CLANG_ENABLE_OBJC_WEAK = YES;
				CLANG_WARN_BLOCK_CAPTURE_AUTORELEASING = YES;
				CLANG_WARN_BOOL_CONVERSION = YES;
				CLANG_WARN_COMMA = YES;
				CLANG_WARN_CONSTANT_CONVERSION = YES;
				CLANG_WARN_DEPRECATED_OBJC_IMPLEMENTATIONS = YES;
				CLANG_WARN_DIRECT_OBJC_ISA_USAGE = YES_ERROR;
				CLANG_WARN_DOCUMENTATION_COMMENTS = YES;
				CLANG_WARN_EMPTY_BODY = YES;
				CLANG_WARN_ENUM_CONVERSION = YES;
				CLANG_WARN_INFINITE_RECURSION = YES;
				CLANG_WARN_INT_CONVERSION = YES;
				CLANG_WARN_NON_LITERAL_NULL_CONVERSION = YES;
				CLANG_WARN_OBJC_IMPLICIT_RETAIN_SELF = YES;
				CLANG_WARN_OBJC_LITERAL_CONVERSION = YES;
				CLANG_WARN_OBJC_ROOT_CLASS = YES_ERROR;
				CLANG_WARN_QUOTED_INCLUDE_IN_FRAMEWORK_HEADER = YES;
				CLANG_WARN_RANGE_LOOP_ANALYSIS = YES;
				CLANG_WARN_STRICT_PROTOTYPES = YES;
				CLANG_WARN_SUSPICIOUS_MOVE = YES;
				CLANG_WARN_UNGUARDED_AVAILABILITY = YES_AGGRESSIVE;
				CLANG_WARN_UNREACHABLE_CODE = YES;
				CLANG_WARN__DUPLICATE_METHOD_MATCH = YES;
				COPY_PHASE_STRIP = NO;
				DEBUG_INFORMATION_FORMAT = dwarf;
				ENABLE_STRICT_OBJC_MSGSEND = YES;
				ENABLE_TESTABILITY = YES;
				GCC_C_LANGUAGE_STANDARD = gnu11;
				GCC_DYNAMIC_NO_PIC = NO;
				GCC_NO_COMMON_BLOCKS = YES;
				GCC_OPTIMIZATION_LEVEL = 0;
				GCC_PREPROCESSOR_DEFINITIONS = (
					"DEBUG=1",
					"$(inherited)",
				);
				GCC_WARN_64_TO_32_BIT_CONVERSION = YES;
				GCC_WARN_ABOUT_RETURN_TYPE = YES_ERROR;
				GCC_WARN_UNDECLARED_SELECTOR = YES;
				GCC_WARN_UNINITIALIZED_AUTOS = YES_AGGRESSIVE;
				GCC_WARN_UNUSED_FUNCTION = YES;
				GCC_WARN_UNUSED_VARIABLE = YES;
				IPHONEOS_DEPLOYMENT_TARGET = 15.0;
				MTL_ENABLE_DEBUG_INFO = INCLUDE_SOURCE;
				MTL_FAST_MATH = YES;
				ONLY_ACTIVE_ARCH = YES;
				SDKROOT = iphoneos;
				SWIFT_ACTIVE_COMPILATION_CONDITIONS = DEBUG;
				SWIFT_OPTIMIZATION_LEVEL = "-Onone";
			};
			name = Debug;
		};
		529AD678273BD17000BF72AB /* Release */ = {
			isa = XCBuildConfiguration;
			buildSettings = {
				ALWAYS_SEARCH_USER_PATHS = NO;
				CLANG_ANALYZER_NONNULL = YES;
				CLANG_ANALYZER_NUMBER_OBJECT_CONVERSION = YES_AGGRESSIVE;
				CLANG_CXX_LANGUAGE_STANDARD = "gnu++17";
				CLANG_CXX_LIBRARY = "libc++";
				CLANG_ENABLE_MODULES = YES;
				CLANG_ENABLE_OBJC_ARC = YES;
				CLANG_ENABLE_OBJC_WEAK = YES;
				CLANG_WARN_BLOCK_CAPTURE_AUTORELEASING = YES;
				CLANG_WARN_BOOL_CONVERSION = YES;
				CLANG_WARN_COMMA = YES;
				CLANG_WARN_CONSTANT_CONVERSION = YES;
				CLANG_WARN_DEPRECATED_OBJC_IMPLEMENTATIONS = YES;
				CLANG_WARN_DIRECT_OBJC_ISA_USAGE = YES_ERROR;
				CLANG_WARN_DOCUMENTATION_COMMENTS = YES;
				CLANG_WARN_EMPTY_BODY = YES;
				CLANG_WARN_ENUM_CONVERSION = YES;
				CLANG_WARN_INFINITE_RECURSION = YES;
				CLANG_WARN_INT_CONVERSION = YES;
				CLANG_WARN_NON_LITERAL_NULL_CONVERSION = YES;
				CLANG_WARN_OBJC_IMPLICIT_RETAIN_SELF = YES;
				CLANG_WARN_OBJC_LITERAL_CONVERSION = YES;
				CLANG_WARN_OBJC_ROOT_CLASS = YES_ERROR;
				CLANG_WARN_QUOTED_INCLUDE_IN_FRAMEWORK_HEADER = YES;
				CLANG_WARN_RANGE_LOOP_ANALYSIS = YES;
				CLANG_WARN_STRICT_PROTOTYPES = YES;
				CLANG_WARN_SUSPICIOUS_MOVE = YES;
				CLANG_WARN_UNGUARDED_AVAILABILITY = YES_AGGRESSIVE;
				CLANG_WARN_UNREACHABLE_CODE = YES;
				CLANG_WARN__DUPLICATE_METHOD_MATCH = YES;
				COPY_PHASE_STRIP = NO;
				DEBUG_INFORMATION_FORMAT = "dwarf-with-dsym";
				ENABLE_NS_ASSERTIONS = NO;
				ENABLE_STRICT_OBJC_MSGSEND = YES;
				GCC_C_LANGUAGE_STANDARD = gnu11;
				GCC_NO_COMMON_BLOCKS = YES;
				GCC_WARN_64_TO_32_BIT_CONVERSION = YES;
				GCC_WARN_ABOUT_RETURN_TYPE = YES_ERROR;
				GCC_WARN_UNDECLARED_SELECTOR = YES;
				GCC_WARN_UNINITIALIZED_AUTOS = YES_AGGRESSIVE;
				GCC_WARN_UNUSED_FUNCTION = YES;
				GCC_WARN_UNUSED_VARIABLE = YES;
				IPHONEOS_DEPLOYMENT_TARGET = 15.0;
				MTL_ENABLE_DEBUG_INFO = NO;
				MTL_FAST_MATH = YES;
				SDKROOT = iphoneos;
				SWIFT_COMPILATION_MODE = wholemodule;
				SWIFT_OPTIMIZATION_LEVEL = "-O";
				VALIDATE_PRODUCT = YES;
			};
			name = Release;
		};
		529AD67A273BD17000BF72AB /* Debug */ = {
			isa = XCBuildConfiguration;
			buildSettings = {
				ALWAYS_EMBED_SWIFT_STANDARD_LIBRARIES = YES;
				ASSETCATALOG_COMPILER_APPICON_NAME = AppIcon;
				ASSETCATALOG_COMPILER_GLOBAL_ACCENT_COLOR_NAME = AccentColor;
				CODE_SIGN_ENTITLEMENTS = Portfolio/Configuration/Portfolio.entitlements;
				CODE_SIGN_STYLE = Automatic;
				CURRENT_PROJECT_VERSION = 1;
				DEVELOPMENT_ASSET_PATHS = "\"Portfolio/Preview Content\"";
				DEVELOPMENT_TEAM = J9T9YB66U4;
				ENABLE_PREVIEWS = YES;
				GENERATE_INFOPLIST_FILE = YES;
				INFOPLIST_FILE = Portfolio/Configuration/Info.plist;
				INFOPLIST_KEY_UIApplicationSceneManifest_Generation = YES;
				INFOPLIST_KEY_UIApplicationSupportsIndirectInputEvents = YES;
				INFOPLIST_KEY_UILaunchScreen_Generation = YES;
				INFOPLIST_KEY_UISupportedInterfaceOrientations_iPad = "UIInterfaceOrientationPortrait UIInterfaceOrientationPortraitUpsideDown UIInterfaceOrientationLandscapeLeft UIInterfaceOrientationLandscapeRight";
				INFOPLIST_KEY_UISupportedInterfaceOrientations_iPhone = "UIInterfaceOrientationPortrait UIInterfaceOrientationLandscapeLeft UIInterfaceOrientationLandscapeRight";
				IPHONEOS_DEPLOYMENT_TARGET = 14.0;
				LD_RUNPATH_SEARCH_PATHS = (
					"$(inherited)",
					"@executable_path/Frameworks",
				);
				MARKETING_VERSION = 1.0;
				PRODUCT_BUNDLE_IDENTIFIER = iam.mrnoone.Portfolio;
				PRODUCT_NAME = "$(TARGET_NAME)";
				SWIFT_EMIT_LOC_STRINGS = YES;
				SWIFT_VERSION = 5.0;
				TARGETED_DEVICE_FAMILY = "1,2";
			};
			name = Debug;
		};
		529AD67B273BD17000BF72AB /* Release */ = {
			isa = XCBuildConfiguration;
			buildSettings = {
				ALWAYS_EMBED_SWIFT_STANDARD_LIBRARIES = YES;
				ASSETCATALOG_COMPILER_APPICON_NAME = AppIcon;
				ASSETCATALOG_COMPILER_GLOBAL_ACCENT_COLOR_NAME = AccentColor;
				CODE_SIGN_ENTITLEMENTS = Portfolio/Configuration/Portfolio.entitlements;
				CODE_SIGN_STYLE = Automatic;
				CURRENT_PROJECT_VERSION = 1;
				DEVELOPMENT_ASSET_PATHS = "\"Portfolio/Preview Content\"";
				DEVELOPMENT_TEAM = J9T9YB66U4;
				ENABLE_PREVIEWS = YES;
				GENERATE_INFOPLIST_FILE = YES;
				INFOPLIST_FILE = Portfolio/Configuration/Info.plist;
				INFOPLIST_KEY_UIApplicationSceneManifest_Generation = YES;
				INFOPLIST_KEY_UIApplicationSupportsIndirectInputEvents = YES;
				INFOPLIST_KEY_UILaunchScreen_Generation = YES;
				INFOPLIST_KEY_UISupportedInterfaceOrientations_iPad = "UIInterfaceOrientationPortrait UIInterfaceOrientationPortraitUpsideDown UIInterfaceOrientationLandscapeLeft UIInterfaceOrientationLandscapeRight";
				INFOPLIST_KEY_UISupportedInterfaceOrientations_iPhone = "UIInterfaceOrientationPortrait UIInterfaceOrientationLandscapeLeft UIInterfaceOrientationLandscapeRight";
				IPHONEOS_DEPLOYMENT_TARGET = 14.0;
				LD_RUNPATH_SEARCH_PATHS = (
					"$(inherited)",
					"@executable_path/Frameworks",
				);
				MARKETING_VERSION = 1.0;
				PRODUCT_BUNDLE_IDENTIFIER = iam.mrnoone.Portfolio;
				PRODUCT_NAME = "$(TARGET_NAME)";
				SWIFT_EMIT_LOC_STRINGS = YES;
				SWIFT_VERSION = 5.0;
				TARGETED_DEVICE_FAMILY = "1,2";
			};
			name = Release;
		};
/* End XCBuildConfiguration section */

/* Begin XCConfigurationList section */
		525FEE7F27778E0700CA864B /* Build configuration list for PBXNativeTarget "PortfolioTests" */ = {
			isa = XCConfigurationList;
			buildConfigurations = (
				525FEE8027778E0700CA864B /* Debug */,
				525FEE8127778E0700CA864B /* Release */,
			);
			defaultConfigurationIsVisible = 0;
			defaultConfigurationName = Release;
		};
		525FEEA12778709500CA864B /* Build configuration list for PBXNativeTarget "PortfolioUITests" */ = {
			isa = XCConfigurationList;
			buildConfigurations = (
				525FEEA22778709500CA864B /* Debug */,
				525FEEA32778709500CA864B /* Release */,
			);
			defaultConfigurationIsVisible = 0;
			defaultConfigurationName = Release;
		};
		528E011227822C9000A6D3B2 /* Build configuration list for PBXNativeTarget "PortfolioWidgetExtension" */ = {
			isa = XCConfigurationList;
			buildConfigurations = (
				528E011327822C9000A6D3B2 /* Debug */,
				528E011427822C9000A6D3B2 /* Release */,
			);
			defaultConfigurationIsVisible = 0;
			defaultConfigurationName = Release;
		};
		529AD666273BD16A00BF72AB /* Build configuration list for PBXProject "Portfolio" */ = {
			isa = XCConfigurationList;
			buildConfigurations = (
				529AD677273BD17000BF72AB /* Debug */,
				529AD678273BD17000BF72AB /* Release */,
			);
			defaultConfigurationIsVisible = 0;
			defaultConfigurationName = Release;
		};
		529AD679273BD17000BF72AB /* Build configuration list for PBXNativeTarget "Portfolio" */ = {
			isa = XCConfigurationList;
			buildConfigurations = (
				529AD67A273BD17000BF72AB /* Debug */,
				529AD67B273BD17000BF72AB /* Release */,
			);
			defaultConfigurationIsVisible = 0;
			defaultConfigurationName = Release;
		};
/* End XCConfigurationList section */

/* Begin XCVersionGroup section */
		52F7B3E9273BDAE90017DDC7 /* Main.xcdatamodeld */ = {
			isa = XCVersionGroup;
			children = (
				52F7B3EA273BDAE90017DDC7 /* Main.xcdatamodel */,
			);
			currentVersion = 52F7B3EA273BDAE90017DDC7 /* Main.xcdatamodel */;
			path = Main.xcdatamodeld;
			sourceTree = "<group>";
			versionGroupType = wrapper.xcdatamodel;
		};
/* End XCVersionGroup section */
	};
	rootObject = 529AD663273BD16A00BF72AB /* Project object */;
}
